// !$*UTF8*$!
{
	archiveVersion = 1;
	classes = {
	};
	objectVersion = 56;
	objects = {

/* Begin PBXBuildFile section */
		1A0000012C12400100000001 /* PlastikaTDApp.swift in Sources */ = {isa = PBXBuildFile; fileRef = 1A0000012C12400000000001 /* PlastikaTDApp.swift */; };
		1A0000022C12400100000001 /* GameConfiguration.swift in Sources */ = {isa = PBXBuildFile; fileRef = 1A0000022C12400000000001 /* GameConfiguration.swift */; };
		1A0000032C12400100000001 /* GameState.swift in Sources */ = {isa = PBXBuildFile; fileRef = 1A0000032C12400000000001 /* GameState.swift */; };
		1A0000042C12400100000001 /* GameSystems.swift in Sources */ = {isa = PBXBuildFile; fileRef = 1A0000042C12400000000001 /* GameSystems.swift */; };
		1A0000052C12400100000001 /* GameStateManager.swift in Sources */ = {isa = PBXBuildFile; fileRef = 1A0000052C12400000000001 /* GameStateManager.swift */; };
		1A0000062C12400100000001 /* SceneManager.swift in Sources */ = {isa = PBXBuildFile; fileRef = 1A0000062C12400000000001 /* SceneManager.swift */; };
		1A0000072C12400100000001 /* WaveManager.swift in Sources */ = {isa = PBXBuildFile; fileRef = 1A0000072C12400000000001 /* WaveManager.swift */; };
		1A0000082C12400100000001 /* EnemyManager.swift in Sources */ = {isa = PBXBuildFile; fileRef = 1A0000082C12400000000001 /* EnemyManager.swift */; };
		1A0000092C12400100000001 /* TowerManager.swift in Sources */ = {isa = PBXBuildFile; fileRef = 1A0000092C12400000000001 /* TowerManager.swift */; };
		1A00000A2C12400100000001 /* ProjectileManager.swift in Sources */ = {isa = PBXBuildFile; fileRef = 1A00000A2C12400000000001 /* ProjectileManager.swift */; };
		1A00000B2C12400100000001 /* EconomyManager.swift in Sources */ = {isa = PBXBuildFile; fileRef = 1A00000B2C12400000000001 /* EconomyManager.swift */; };
		1A00000C2C12400100000001 /* UIManager.swift in Sources */ = {isa = PBXBuildFile; fileRef = 1A00000C2C12400000000001 /* UIManager.swift */; };
		1A00000D2C12400100000001 /* GameEntity.swift in Sources */ = {isa = PBXBuildFile; fileRef = 1A00000D2C12400000000001 /* GameEntity.swift */; };
		1A00000E2C12400100000001 /* GameView.swift in Sources */ = {isa = PBXBuildFile; fileRef = 1A00000E2C12400000000001 /* GameView.swift */; };
		1A00000F2C12400100000001 /* GameScene.swift in Sources */ = {isa = PBXBuildFile; fileRef = 1A00000F2C12400000000001 /* GameScene.swift */; };
		1A0000102C12400100000001 /* Assets.xcassets in Resources */ = {isa = PBXBuildFile; fileRef = 1A0000102C12400000000001 /* Assets.xcassets */; };
		1A0000262C12400100000001 /* PathManager.swift in Sources */ = {isa = PBXBuildFile; fileRef = 1A0000262C12400000000001 /* PathManager.swift */; };
		1A0000272C12400100000001 /* PlaceholderEnemy.swift in Sources */ = {isa = PBXBuildFile; fileRef = 1A0000272C12400000000001 /* PlaceholderEnemy.swift */; };
/* End PBXBuildFile section */

/* Begin PBXFileReference section */
		1A0000012C12400000000001 /* PlastikaTDApp.swift */ = {isa = PBXFileReference; lastKnownFileType = sourcecode.swift; path = PlastikaTDApp.swift; sourceTree = "<group>"; };
		1A0000022C12400000000001 /* GameConfiguration.swift */ = {isa = PBXFileReference; lastKnownFileType = sourcecode.swift; path = GameConfiguration.swift; sourceTree = "<group>"; };
		1A0000032C12400000000001 /* GameState.swift */ = {isa = PBXFileReference; lastKnownFileType = sourcecode.swift; path = GameState.swift; sourceTree = "<group>"; };
		1A0000042C12400000000001 /* GameSystems.swift */ = {isa = PBXFileReference; lastKnownFileType = sourcecode.swift; path = GameSystems.swift; sourceTree = "<group>"; };
		1A0000052C12400000000001 /* GameStateManager.swift */ = {isa = PBXFileReference; lastKnownFileType = sourcecode.swift; path = GameStateManager.swift; sourceTree = "<group>"; };
		1A0000062C12400000000001 /* SceneManager.swift */ = {isa = PBXFileReference; lastKnownFileType = sourcecode.swift; path = SceneManager.swift; sourceTree = "<group>"; };
		1A0000072C12400000000001 /* WaveManager.swift */ = {isa = PBXFileReference; lastKnownFileType = sourcecode.swift; path = WaveManager.swift; sourceTree = "<group>"; };
		1A0000082C12400000000001 /* EnemyManager.swift */ = {isa = PBXFileReference; lastKnownFileType = sourcecode.swift; path = EnemyManager.swift; sourceTree = "<group>"; };
		1A0000092C12400000000001 /* TowerManager.swift */ = {isa = PBXFileReference; lastKnownFileType = sourcecode.swift; path = TowerManager.swift; sourceTree = "<group>"; };
		1A00000A2C12400000000001 /* ProjectileManager.swift */ = {isa = PBXFileReference; lastKnownFileType = sourcecode.swift; path = ProjectileManager.swift; sourceTree = "<group>"; };
		1A00000B2C12400000000001 /* EconomyManager.swift */ = {isa = PBXFileReference; lastKnownFileType = sourcecode.swift; path = EconomyManager.swift; sourceTree = "<group>"; };
		1A00000C2C12400000000001 /* UIManager.swift */ = {isa = PBXFileReference; lastKnownFileType = sourcecode.swift; path = UIManager.swift; sourceTree = "<group>"; };
		1A00000D2C12400000000001 /* GameEntity.swift */ = {isa = PBXFileReference; lastKnownFileType = sourcecode.swift; path = GameEntity.swift; sourceTree = "<group>"; };
		1A00000E2C12400000000001 /* GameView.swift */ = {isa = PBXFileReference; lastKnownFileType = sourcecode.swift; path = GameView.swift; sourceTree = "<group>"; };
		1A00000F2C12400000000001 /* GameScene.swift */ = {isa = PBXFileReference; lastKnownFileType = sourcecode.swift; path = GameScene.swift; sourceTree = "<group>"; };
		1A0000102C12400000000001 /* Assets.xcassets */ = {isa = PBXFileReference; lastKnownFileType = folder.assetcatalog; path = Assets.xcassets; sourceTree = "<group>"; };
		1A0000112C12400000000001 /* PlastikaTD.app */ = {isa = PBXFileReference; explicitFileType = wrapper.application; includeInIndex = 0; path = PlastikaTD.app; sourceTree = BUILT_PRODUCTS_DIR; };
		1A0000262C12400000000001 /* PathManager.swift */ = {isa = PBXFileReference; lastKnownFileType = sourcecode.swift; path = PathManager.swift; sourceTree = "<group>"; };
		1A0000272C12400000000001 /* PlaceholderEnemy.swift */ = {isa = PBXFileReference; lastKnownFileType = sourcecode.swift; path = PlaceholderEnemy.swift; sourceTree = "<group>"; };
/* End PBXFileReference section */

/* Begin PBXFrameworksBuildPhase section */
		1A0000122C12400000000001 /* Frameworks */ = {
			isa = PBXFrameworksBuildPhase;
			buildActionMask = 2147483647;
			files = (
			);
			runOnlyForDeploymentPostprocessing = 0;
		};
/* End PBXFrameworksBuildPhase section */

/* Begin PBXGroup section */
		1A0000132C12400000000001 = {
			isa = PBXGroup;
			children = (
				1A0000142C12400000000001 /* PlastikaTD */,
				1A0000152C12400000000001 /* Products */,
			);
			sourceTree = "<group>";
		};
		1A0000152C12400000000001 /* Products */ = {
			isa = PBXGroup;
			children = (
				1A0000112C12400000000001 /* PlastikaTD.app */,
			);
			name = Products;
			sourceTree = "<group>";
		};
		1A0000142C12400000000001 /* PlastikaTD */ = {
			isa = PBXGroup;
			children = (
				1A0000162C12400000000001 /* Core */,
				1A0000172C12400000000001 /* Managers */,
				1A0000182C12400000000001 /* Entities */,
				1A0000192C12400000000001 /* UI */,
				1A00001A2C12400000000001 /* Resources */,
				1A00001B2C12400000000001 /* Scenes */,
			);
			path = PlastikaTD;
			sourceTree = "<group>";
		};
		1A0000162C12400000000001 /* Core */ = {
			isa = PBXGroup;
			children = (
				1A0000012C12400000000001 /* PlastikaTDApp.swift */,
				1A0000022C12400000000001 /* GameConfiguration.swift */,
				1A0000032C12400000000001 /* GameState.swift */,
				1A0000042C12400000000001 /* GameSystems.swift */,
			);
			path = Core;
			sourceTree = "<group>";
		};
		1A0000172C12400000000001 /* Managers */ = {
			isa = PBXGroup;
			children = (
				1A0000052C12400000000001 /* GameStateManager.swift */,
				1A0000062C12400000000001 /* SceneManager.swift */,
				1A0000262C12400000000001 /* PathManager.swift */,
				1A0000072C12400000000001 /* WaveManager.swift */,
				1A0000082C12400000000001 /* EnemyManager.swift */,
				1A0000092C12400000000001 /* TowerManager.swift */,
				1A00000A2C12400000000001 /* ProjectileManager.swift */,
				1A00000B2C12400000000001 /* EconomyManager.swift */,
				1A00000C2C12400000000001 /* UIManager.swift */,
			);
			path = Managers;
			sourceTree = "<group>";
		};
		1A0000182C12400000000001 /* Entities */ = {
			isa = PBXGroup;
			children = (
				1A00000D2C12400000000001 /* GameEntity.swift */,
				1A0000272C12400000000001 /* PlaceholderEnemy.swift */,
			);
			path = Entities;
			sourceTree = "<group>";
		};
		1A0000192C12400000000001 /* UI */ = {
			isa = PBXGroup;
			children = (
				1A00000E2C12400000000001 /* GameView.swift */,
			);
			path = UI;
			sourceTree = "<group>";
		};
		1A00001A2C12400000000001 /* Resources */ = {
			isa = PBXGroup;
			children = (
				1A0000102C12400000000001 /* Assets.xcassets */,
			);
			path = Resources;
			sourceTree = "<group>";
		};
		1A00001B2C12400000000001 /* Scenes */ = {
			isa = PBXGroup;
			children = (
				1A00000F2C12400000000001 /* GameScene.swift */,
			);
			path = Scenes;
			sourceTree = "<group>";
		};
/* End PBXGroup section */

/* Begin PBXNativeTarget section */
		1A00001C2C12400000000001 /* PlastikaTD */ = {
			isa = PBXNativeTarget;
			buildConfigurationList = 1A00001D2C12400000000001 /* Build configuration list for PBXNativeTarget "PlastikaTD" */;
			buildPhases = (
				1A00001E2C12400000000001 /* Sources */,
				1A0000122C12400000000001 /* Frameworks */,
				1A00001F2C12400000000001 /* Resources */,
			);
			buildRules = (
			);
			dependencies = (
			);
			name = PlastikaTD;
			productName = PlastikaTD;
			productReference = 1A0000112C12400000000001 /* PlastikaTD.app */;
			productType = "com.apple.product-type.application";
		};
/* End PBXNativeTarget section */

/* Begin PBXProject section */
		1A0000202C12400000000001 /* Project object */ = {
			isa = PBXProject;
			attributes = {
				BuildIndependentTargetsInParallel = 1;
				LastSwiftUpdateCheck = 1600;
				LastUpgradeCheck = 1600;
				TargetAttributes = {
					1A00001C2C12400000000001 = {
						CreatedOnToolsVersion = 16.0;
					};
				};
			};
			buildConfigurationList = 1A0000212C12400000000001 /* Build configuration list for PBXProject "PlastikaTD" */;
			compatibilityVersion = "Xcode 15.0";
			developmentRegion = en;
			hasScannedForEncodings = 0;
			knownRegions = (
				en,
				Base,
			);
			mainGroup = 1A0000132C12400000000001;
			productRefGroup = 1A0000152C12400000000001 /* Products */;
			projectDirPath = "";
			projectRoot = "";
			targets = (
				1A00001C2C12400000000001 /* PlastikaTD */,
			);
		};
/* End PBXProject section */

/* Begin PBXResourcesBuildPhase section */
		1A00001F2C12400000000001 /* Resources */ = {
			isa = PBXResourcesBuildPhase;
			buildActionMask = 2147483647;
			files = (
				1A0000102C12400100000001 /* Assets.xcassets in Resources */,
			);
			runOnlyForDeploymentPostprocessing = 0;
		};
/* End PBXResourcesBuildPhase section */

/* Begin PBXSourcesBuildPhase section */
		1A00001E2C12400000000001 /* Sources */ = {
			isa = PBXSourcesBuildPhase;
			buildActionMask = 2147483647;
			files = (
				1A0000012C12400100000001 /* PlastikaTDApp.swift in Sources */,
				1A0000022C12400100000001 /* GameConfiguration.swift in Sources */,
				1A0000032C12400100000001 /* GameState.swift in Sources */,
				1A0000042C12400100000001 /* GameSystems.swift in Sources */,
				1A0000052C12400100000001 /* GameStateManager.swift in Sources */,
				1A0000062C12400100000001 /* SceneManager.swift in Sources */,
				1A0000262C12400100000001 /* PathManager.swift in Sources */,
				1A0000072C12400100000001 /* WaveManager.swift in Sources */,
				1A0000082C12400100000001 /* EnemyManager.swift in Sources */,
				1A0000092C12400100000001 /* TowerManager.swift in Sources */,
				1A00000A2C12400100000001 /* ProjectileManager.swift in Sources */,
				1A00000B2C12400100000001 /* EconomyManager.swift in Sources */,
				1A00000C2C12400100000001 /* UIManager.swift in Sources */,
				1A00000D2C12400100000001 /* GameEntity.swift in Sources */,
				1A0000272C12400100000001 /* PlaceholderEnemy.swift in Sources */,
				1A00000E2C12400100000001 /* GameView.swift in Sources */,
				1A00000F2C12400100000001 /* GameScene.swift in Sources */,
			);
			runOnlyForDeploymentPostprocessing = 0;
		};
/* End PBXSourcesBuildPhase section */

/* Begin XCBuildConfiguration section */
		1A0000222C12400000000001 /* Debug */ = {
			isa = XCBuildConfiguration;
			buildSettings = {
				ALWAYS_SEARCH_USER_PATHS = NO;
				CLANG_ANALYZER_NONNULL = YES;
				CLANG_ANALYZER_NUMBER_OBJECT_CONVERSION = YES_AGGRESSIVE;
				CLANG_CXX_LANGUAGE_STANDARD = "gnu++20";
				CLANG_ENABLE_MODULES = YES;
				CLANG_ENABLE_OBJC_ARC = YES;
				CLANG_ENABLE_OBJC_WEAK = YES;
				CLANG_WARN_BLOCK_CAPTURE_AUTORELEASING = YES;
				CLANG_WARN_BOOL_CONVERSION = YES;
				CLANG_WARN_COMMA = YES;
				CLANG_WARN_CONSTANT_CONVERSION = YES;
				CLANG_WARN_DEPRECATED_OBJC_IMPLEMENTATIONS = YES;
				CLANG_WARN_DIRECT_OBJC_ISA_USAGE = YES_ERROR;
				CLANG_WARN_DOCUMENTATION_COMMENTS = YES;
				CLANG_WARN_EMPTY_BODY = YES;
				CLANG_WARN_ENUM_CONVERSION = YES;
				CLANG_WARN_INFINITE_RECURSION = YES;
				CLANG_WARN_INT_CONVERSION = YES;
				CLANG_WARN_NON_LITERAL_NULL_CONVERSION = YES;
				CLANG_WARN_OBJC_IMPLICIT_RETAIN_SELF = YES;
				CLANG_WARN_OBJC_LITERAL_CONVERSION = YES;
				CLANG_WARN_OBJC_ROOT_CLASS = YES_ERROR;
				CLANG_WARN_QUOTED_INCLUDE_IN_FRAMEWORK_HEADER = YES;
				CLANG_WARN_RANGE_LOOP_ANALYSIS = YES;
				CLANG_WARN_STRICT_PROTOTYPES = YES;
				CLANG_WARN_SUSPICIOUS_MOVE = YES;
				CLANG_WARN_UNGUARDED_AVAILABILITY = YES_AGGRESSIVE;
				CLANG_WARN_UNREACHABLE_CODE = YES;
				CLANG_WARN__DUPLICATE_METHOD_MATCH = YES;
				COPY_PHASE_STRIP = NO;
				DEBUG_INFORMATION_FORMAT = dwarf;
				ENABLE_STRICT_OBJC_MSGSEND = YES;
				ENABLE_TESTABILITY = YES;
				ENABLE_USER_SCRIPT_SANDBOXING = YES;
				GCC_C_LANGUAGE_STANDARD = gnu17;
				GCC_DYNAMIC_NO_PIC = NO;
				GCC_NO_COMMON_BLOCKS = YES;
				GCC_OPTIMIZATION_LEVEL = 0;
				GCC_PREPROCESSOR_DEFINITIONS = (
					"DEBUG=1",
					"$(inherited)",
				);
				GCC_WARN_64_TO_32_BIT_CONVERSION = YES;
				GCC_WARN_ABOUT_RETURN_TYPE = YES_ERROR;
				GCC_WARN_UNDECLARED_SELECTOR = YES;
				GCC_WARN_UNINITIALIZED_AUTOS = YES_AGGRESSIVE;
				GCC_WARN_UNUSED_FUNCTION = YES;
				GCC_WARN_UNUSED_VARIABLE = YES;
				IPHONEOS_DEPLOYMENT_TARGET = 17.0;
				MTL_ENABLE_DEBUG_INFO = INCLUDE_SOURCE;
				MTL_FAST_MATH = YES;
				ONLY_ACTIVE_ARCH = YES;
				SDKROOT = iphoneos;
				SWIFT_ACTIVE_COMPILATION_CONDITIONS = DEBUG;
				SWIFT_OPTIMIZATION_LEVEL = "-Onone";
			};
			name = Debug;
		};
		1A0000232C12400000000001 /* Release */ = {
			isa = XCBuildConfiguration;
			buildSettings = {
				ALWAYS_SEARCH_USER_PATHS = NO;
				CLANG_ANALYZER_NONNULL = YES;
				CLANG_ANALYZER_NUMBER_OBJECT_CONVERSION = YES_AGGRESSIVE;
				CLANG_CXX_LANGUAGE_STANDARD = "gnu++20";
				CLANG_ENABLE_MODULES = YES;
				CLANG_ENABLE_OBJC_ARC = YES;
				CLANG_ENABLE_OBJC_WEAK = YES;
				CLANG_WARN_BLOCK_CAPTURE_AUTORELEASING = YES;
				CLANG_WARN_BOOL_CONVERSION = YES;
				CLANG_WARN_COMMA = YES;
				CLANG_WARN_CONSTANT_CONVERSION = YES;
				CLANG_WARN_DEPRECATED_OBJC_IMPLEMENTATIONS = YES;
				CLANG_WARN_DIRECT_OBJC_ISA_USAGE = YES_ERROR;
				CLANG_WARN_DOCUMENTATION_COMMENTS = YES;
				CLANG_WARN_EMPTY_BODY = YES;
				CLANG_WARN_ENUM_CONVERSION = YES;
				CLANG_WARN_INFINITE_RECURSION = YES;
				CLANG_WARN_INT_CONVERSION = YES;
				CLANG_WARN_NON_LITERAL_NULL_CONVERSION = YES;
				CLANG_WARN_OBJC_IMPLICIT_RETAIN_SELF = YES;
				CLANG_WARN_OBJC_LITERAL_CONVERSION = YES;
				CLANG_WARN_OBJC_ROOT_CLASS = YES_ERROR;
				CLANG_WARN_QUOTED_INCLUDE_IN_FRAMEWORK_HEADER = YES;
				CLANG_WARN_RANGE_LOOP_ANALYSIS = YES;
				CLANG_WARN_STRICT_PROTOTYPES = YES;
				CLANG_WARN_SUSPICIOUS_MOVE = YES;
				CLANG_WARN_UNGUARDED_AVAILABILITY = YES_AGGRESSIVE;
				CLANG_WARN_UNREACHABLE_CODE = YES;
				CLANG_WARN__DUPLICATE_METHOD_MATCH = YES;
				COPY_PHASE_STRIP = NO;
				DEBUG_INFORMATION_FORMAT = "dwarf-with-dsym";
				ENABLE_NS_ASSERTIONS = NO;
				ENABLE_STRICT_OBJC_MSGSEND = YES;
				ENABLE_USER_SCRIPT_SANDBOXING = YES;
				GCC_C_LANGUAGE_STANDARD = gnu17;
				GCC_NO_COMMON_BLOCKS = YES;
				GCC_WARN_64_TO_32_BIT_CONVERSION = YES;
				GCC_WARN_ABOUT_RETURN_TYPE = YES_ERROR;
				GCC_WARN_UNDECLARED_SELECTOR = YES;
				GCC_WARN_UNINITIALIZED_AUTOS = YES_AGGRESSIVE;
				GCC_WARN_UNUSED_FUNCTION = YES;
				GCC_WARN_UNUSED_VARIABLE = YES;
				IPHONEOS_DEPLOYMENT_TARGET = 17.0;
				MTL_ENABLE_DEBUG_INFO = NO;
				MTL_FAST_MATH = YES;
				SDKROOT = iphoneos;
				SWIFT_COMPILATION_MODE = wholemodule;
				VALIDATE_PRODUCT = YES;
			};
			name = Release;
		};
		1A0000242C12400000000001 /* Debug */ = {
			isa = XCBuildConfiguration;
			buildSettings = {
				ASSETCATALOG_COMPILER_APPICON_NAME = AppIcon;
				ASSETCATALOG_COMPILER_GLOBAL_ACCENT_COLOR_NAME = AccentColor;
				CODE_SIGN_STYLE = Automatic;
				CURRENT_PROJECT_VERSION = 1;
				DEVELOPMENT_TEAM = "";
				GENERATE_INFOPLIST_FILE = YES;
				INFOPLIST_KEY_CFBundleDisplayName = "Plastika TD";
				INFOPLIST_KEY_UILaunchScreen_Generation = YES;
				INFOPLIST_KEY_UIStatusBarHidden = YES;
				INFOPLIST_KEY_UISupportedInterfaceOrientations = "UIInterfaceOrientationPortrait UIInterfaceOrientationLandscapeLeft UIInterfaceOrientationLandscapeRight";
				INFOPLIST_KEY_UISupportedInterfaceOrientations_iPad = "UIInterfaceOrientationPortrait UIInterfaceOrientationPortraitUpsideDown UIInterfaceOrientationLandscapeLeft UIInterfaceOrientationLandscapeRight";
				LD_RUNPATH_SEARCH_PATHS = (
					"$(inherited)",
					"@executable_path/Frameworks",
				);
				MARKETING_VERSION = 0.1.0;
				PRODUCT_BUNDLE_IDENTIFIER = com.plastika.PlastikaTD;
				PRODUCT_NAME = "$(TARGET_NAME)";
				SUPPORTED_PLATFORMS = "iphoneos iphonesimulator";
				SUPPORTS_MACCATALYST = NO;
				SWIFT_EMIT_LOC_STRINGS = YES;
				SWIFT_VERSION = 5.0;
				TARGETED_DEVICE_FAMILY = "1,2";
			};
			name = Debug;
		};
		1A0000252C12400000000001 /* Release */ = {
			isa = XCBuildConfiguration;
			buildSettings = {
				ASSETCATALOG_COMPILER_APPICON_NAME = AppIcon;
				ASSETCATALOG_COMPILER_GLOBAL_ACCENT_COLOR_NAME = AccentColor;
				CODE_SIGN_STYLE = Automatic;
				CURRENT_PROJECT_VERSION = 1;
				DEVELOPMENT_TEAM = "";
				GENERATE_INFOPLIST_FILE = YES;
				INFOPLIST_KEY_CFBundleDisplayName = "Plastika TD";
				INFOPLIST_KEY_UILaunchScreen_Generation = YES;
				INFOPLIST_KEY_UIStatusBarHidden = YES;
				INFOPLIST_KEY_UISupportedInterfaceOrientations = "UIInterfaceOrientationPortrait UIInterfaceOrientationLandscapeLeft UIInterfaceOrientationLandscapeRight";
				INFOPLIST_KEY_UISupportedInterfaceOrientations_iPad = "UIInterfaceOrientationPortrait UIInterfaceOrientationPortraitUpsideDown UIInterfaceOrientationLandscapeLeft UIInterfaceOrientationLandscapeRight";
				LD_RUNPATH_SEARCH_PATHS = (
					"$(inherited)",
					"@executable_path/Frameworks",
				);
				MARKETING_VERSION = 0.1.0;
				PRODUCT_BUNDLE_IDENTIFIER = com.plastika.PlastikaTD;
				PRODUCT_NAME = "$(TARGET_NAME)";
				SUPPORTED_PLATFORMS = "iphoneos iphonesimulator";
				SUPPORTS_MACCATALYST = NO;
				SWIFT_EMIT_LOC_STRINGS = YES;
				SWIFT_VERSION = 5.0;
				TARGETED_DEVICE_FAMILY = "1,2";
			};
			name = Release;
		};
/* End XCBuildConfiguration section */

/* Begin XCConfigurationList section */
		1A0000212C12400000000001 /* Build configuration list for PBXProject "PlastikaTD" */ = {
			isa = XCConfigurationList;
			buildConfigurations = (
				1A0000222C12400000000001 /* Debug */,
				1A0000232C12400000000001 /* Release */,
			);
			defaultConfigurationIsVisible = 0;
			defaultConfigurationName = Release;
		};
		1A00001D2C12400000000001 /* Build configuration list for PBXNativeTarget "PlastikaTD" */ = {
			isa = XCConfigurationList;
			buildConfigurations = (
				1A0000242C12400000000001 /* Debug */,
				1A0000252C12400000000001 /* Release */,
			);
			defaultConfigurationIsVisible = 0;
			defaultConfigurationName = Release;
		};
/* End XCConfigurationList section */
	};
	rootObject = 1A0000202C12400000000001 /* Project object */;
}
